
Microsoft Visual Studio Solution File, Format Version 12.00
# Visual Studio Version 17
VisualStudioVersion = 17.14.36705.20 d17.14
MinimumVisualStudioVersion = 10.0.40219.1
Project("{FAE04EC0-301F-11D3-BF4B-00C04F79EFBC}") = "windowes form test", "windowes form test.csproj", "{7092933D-3DF8-43D8-9BBD-E328EC767EDF}"
EndProject
Global
	GlobalSection(SolutionConfigurationPlatforms) = preSolution
		Debug|Any CPU = Debug|Any CPU
		Release|Any CPU = Release|Any CPU
	EndGlobalSection
	GlobalSection(ProjectConfigurationPlatforms) = postSolution
		{7092933D-3DF8-43D8-9BBD-E328EC767EDF}.Debug|Any CPU.ActiveCfg = Debug|Any CPU
		{7092933D-3DF8-43D8-9BBD-E328EC767EDF}.Debug|Any CPU.Build.0 = Debug|Any CPU
		{7092933D-3DF8-43D8-9BBD-E328EC767EDF}.Release|Any CPU.ActiveCfg = Release|Any CPU
		{7092933D-3DF8-43D8-9BBD-E328EC767EDF}.Release|Any CPU.Build.0 = Release|Any CPU
	EndGlobalSection
	GlobalSection(SolutionProperties) = preSolution
		HideSolutionNode = FALSE
	EndGlobalSection
	GlobalSection(ExtensibilityGlobals) = postSolution
		SolutionGuid = {9300790F-6BBE-4267-91B4-C251332D6026}
	EndGlobalSection
EndGlobal
